
Microsoft Visual Studio Solution File, Format Version 12.00
# Visual Studio Version 17
VisualStudioVersion = 17.14.36221.1 d17.14
MinimumVisualStudioVersion = 10.0.40219.1
Project("{FAE04EC0-301F-11D3-BF4B-00C04F79EFBC}") = "PrintingOrder", "PrintingOrder.csproj", "{9D4F5C49-BAA5-48BC-849B-4998691E9ABC}"
EndProject
Global
	GlobalSection(SolutionConfigurationPlatforms) = preSolution
		Debug|Any CPU = Debug|Any CPU
		Release|Any CPU = Release|Any CPU
	EndGlobalSection
	GlobalSection(ProjectConfigurationPlatforms) = postSolution
		{9D4F5C49-BAA5-48BC-849B-4998691E9ABC}.Debug|Any CPU.ActiveCfg = Debug|Any CPU
		{9D4F5C49-BAA5-48BC-849B-4998691E9ABC}.Debug|Any CPU.Build.0 = Debug|Any CPU
		{9D4F5C49-BAA5-48BC-849B-4998691E9ABC}.Release|Any CPU.ActiveCfg = Release|Any CPU
		{9D4F5C49-BAA5-48BC-849B-4998691E9ABC}.Release|Any CPU.Build.0 = Release|Any CPU
	EndGlobalSection
	GlobalSection(SolutionProperties) = preSolution
		HideSolutionNode = FALSE
	EndGlobalSection
	GlobalSection(ExtensibilityGlobals) = postSolution
		SolutionGuid = {DDFE294B-E87F-4B6E-A4D8-13D076394220}
	EndGlobalSection
EndGlobal
